{
  "name": "Projet",
  "lockfileVersion": 2,
  "requires": true,
  "packages": {
    "": {
      "dependencies": {
        "solmate": "^6.2.0"
      }
    },
    "node_modules/solmate": {
      "version": "6.2.0",
      "resolved": "https://registry.npmjs.org/solmate/-/solmate-6.2.0.tgz",
      "integrity": "sha512-AM38ioQ2P8zRsA42zenb9or6OybRjOLXIu3lhIT8rhddUuduCt76pUEuLxOIg9GByGojGz+EbpFdCB6B+QZVVA=="
    }
  },
  "dependencies": {
    "solmate": {
      "version": "6.2.0",
      "resolved": "https://registry.npmjs.org/solmate/-/solmate-6.2.0.tgz",
      "integrity": "sha512-AM38ioQ2P8zRsA42zenb9or6OybRjOLXIu3lhIT8rhddUuduCt76pUEuLxOIg9GByGojGz+EbpFdCB6B+QZVVA=="
    }
  }
}
